// !$*UTF8*$!
{
	archiveVersion = 1;
	classes = {
	};
	objectVersion = 46;
	objects = {

/* Begin PBXBuildFile section */
		CAFE90351EA0B4D000258800 /* AppDelegate.swift in Sources */ = {isa = PBXBuildFile; fileRef = CAFE90341EA0B4D000258800 /* AppDelegate.swift */; };
		CAFE90371EA0B4D000258800 /* ViewController.swift in Sources */ = {isa = PBXBuildFile; fileRef = CAFE90361EA0B4D000258800 /* ViewController.swift */; };
		CAFE903A1EA0B4D000258800 /* Main.storyboard in Resources */ = {isa = PBXBuildFile; fileRef = CAFE90381EA0B4D000258800 /* Main.storyboard */; };
		CAFE903C1EA0B4D000258800 /* Assets.xcassets in Resources */ = {isa = PBXBuildFile; fileRef = CAFE903B1EA0B4D000258800 /* Assets.xcassets */; };
		CAFE903F1EA0B4D000258800 /* LaunchScreen.storyboard in Resources */ = {isa = PBXBuildFile; fileRef = CAFE903D1EA0B4D000258800 /* LaunchScreen.storyboard */; };
/* End PBXBuildFile section */

/* Begin PBXFileReference section */
		CAFE90311EA0B4D000258800 /* swiftappno1.app */ = {isa = PBXFileReference; explicitFileType = wrapper.application; includeInIndex = 0; path = swiftappno1.app; sourceTree = BUILT_PRODUCTS_DIR; };
		CAFE90341EA0B4D000258800 /* AppDelegate.swift */ = {isa = PBXFileReference; lastKnownFileType = sourcecode.swift; path = AppDelegate.swift; sourceTree = "<group>"; };
		CAFE90361EA0B4D000258800 /* ViewController.swift */ = {isa = PBXFileReference; lastKnownFileType = sourcecode.swift; path = ViewController.swift; sourceTree = "<group>"; };
		CAFE90391EA0B4D000258800 /* Base */ = {isa = PBXFileReference; lastKnownFileType = file.storyboard; name = Base; path = Base.lproj/Main.storyboard; sourceTree = "<group>"; };
		CAFE903B1EA0B4D000258800 /* Assets.xcassets */ = {isa = PBXFileReference; lastKnownFileType = folder.assetcatalog; path = Assets.xcassets; sourceTree = "<group>"; };
		CAFE903E1EA0B4D000258800 /* Base */ = {isa = PBXFileReference; lastKnownFileType = file.storyboard; name = Base; path = Base.lproj/LaunchScreen.storyboard; sourceTree = "<group>"; };
		CAFE90401EA0B4D000258800 /* Info.plist */ = {isa = PBXFileReference; lastKnownFileType = text.plist.xml; path = Info.plist; sourceTree = "<group>"; };
/* End PBXFileReference section */

/* Begin PBXFrameworksBuildPhase section */
		CAFE902E1EA0B4D000258800 /* Frameworks */ = {
			isa = PBXFrameworksBuildPhase;
			buildActionMask = 2147483647;
			files = (
			);
			runOnlyForDeploymentPostprocessing = 0;
		};
/* End PBXFrameworksBuildPhase section */

/* Begin PBXGroup section */
		CAFE90281EA0B4D000258800 = {
			isa = PBXGroup;
			children = (
				CAFE90331EA0B4D000258800 /* swiftappno1 */,
				CAFE90321EA0B4D000258800 /* Products */,
			);
			sourceTree = "<group>";
		};
		CAFE90321EA0B4D000258800 /* Products */ = {
			isa = PBXGroup;
			children = (
				CAFE90311EA0B4D000258800 /* swiftappno1.app */,
			);
			name = Products;
			sourceTree = "<group>";
		};
		CAFE90331EA0B4D000258800 /* swiftappno1 */ = {
			isa = PBXGroup;
			children = (
				CAFE90341EA0B4D000258800 /* AppDelegate.swift */,
				CAFE90361EA0B4D000258800 /* ViewController.swift */,
				CAFE90381EA0B4D000258800 /* Main.storyboard */,
				CAFE903B1EA0B4D000258800 /* Assets.xcassets */,
				CAFE903D1EA0B4D000258800 /* LaunchScreen.storyboard */,
				CAFE90401EA0B4D000258800 /* Info.plist */,
			);
			path = swiftappno1;
			sourceTree = "<group>";
		};
/* End PBXGroup section */

/* Begin PBXNativeTarget section */
		CAFE90301EA0B4D000258800 /* swiftappno1 */ = {
			isa = PBXNativeTarget;
			buildConfigurationList = CAFE90431EA0B4D000258800 /* Build configuration list for PBXNativeTarget "swiftappno1" */;
			buildPhases = (
				CAFE902D1EA0B4D000258800 /* Sources */,
				CAFE902E1EA0B4D000258800 /* Frameworks */,
				CAFE902F1EA0B4D000258800 /* Resources */,
			);
			buildRules = (
			);
			dependencies = (
			);
			name = swiftappno1;
			productName = swiftappno1;
			productReference = CAFE90311EA0B4D000258800 /* swiftappno1.app */;
			productType = "com.apple.product-type.application";
		};
/* End PBXNativeTarget section */

/* Begin PBXProject section */
		CAFE90291EA0B4D000258800 /* Project object */ = {
			isa = PBXProject;
			attributes = {
				LastSwiftUpdateCheck = 0830;
				LastUpgradeCheck = 0830;
				ORGANIZATIONNAME = "Kees van der vlis";
				TargetAttributes = {
					CAFE90301EA0B4D000258800 = {
						CreatedOnToolsVersion = 8.3.1;
						ProvisioningStyle = Automatic;
					};
				};
			};
			buildConfigurationList = CAFE902C1EA0B4D000258800 /* Build configuration list for PBXProject "swiftappno1" */;
			compatibilityVersion = "Xcode 3.2";
			developmentRegion = English;
			hasScannedForEncodings = 0;
			knownRegions = (
				en,
				Base,
			);
			mainGroup = CAFE90281EA0B4D000258800;
			productRefGroup = CAFE90321EA0B4D000258800 /* Products */;
			projectDirPath = "";
			projectRoot = "";
			targets = (
				CAFE90301EA0B4D000258800 /* swiftappno1 */,
			);
		};
/* End PBXProject section */

/* Begin PBXResourcesBuildPhase section */
		CAFE902F1EA0B4D000258800 /* Resources */ = {
			isa = PBXResourcesBuildPhase;
			buildActionMask = 2147483647;
			files = (
				CAFE903F1EA0B4D000258800 /* LaunchScreen.storyboard in Resources */,
				CAFE903C1EA0B4D000258800 /* Assets.xcassets in Resources */,
				CAFE903A1EA0B4D000258800 /* Main.storyboard in Resources */,
			);
			runOnlyForDeploymentPostprocessing = 0;
		};
/* End PBXResourcesBuildPhase section */

/* Begin PBXSourcesBuildPhase section */
		CAFE902D1EA0B4D000258800 /* Sources */ = {
			isa = PBXSourcesBuildPhase;
			buildActionMask = 2147483647;
			files = (
				CAFE90371EA0B4D000258800 /* ViewController.swift in Sources */,
				CAFE90351EA0B4D000258800 /* AppDelegate.swift in Sources */,
			);
			runOnlyForDeploymentPostprocessing = 0;
		};
/* End PBXSourcesBuildPhase section */

/* Begin PBXVariantGroup section */
		CAFE90381EA0B4D000258800 /* Main.storyboard */ = {
			isa = PBXVariantGroup;
			children = (
				CAFE90391EA0B4D000258800 /* Base */,
			);
			name = Main.storyboard;
			sourceTree = "<group>";
		};
		CAFE903D1EA0B4D000258800 /* LaunchScreen.storyboard */ = {
			isa = PBXVariantGroup;
			children = (
				CAFE903E1EA0B4D000258800 /* Base */,
			);
			name = LaunchScreen.storyboard;
			sourceTree = "<group>";
		};
/* End PBXVariantGroup section */

/* Begin XCBuildConfiguration section */
		CAFE90411EA0B4D000258800 /* Debug */ = {
			isa = XCBuildConfiguration;
			buildSettings = {
				ALWAYS_SEARCH_USER_PATHS = NO;
				CLANG_ANALYZER_NONNULL = YES;
				CLANG_ANALYZER_NUMBER_OBJECT_CONVERSION = YES_AGGRESSIVE;
				CLANG_CXX_LANGUAGE_STANDARD = "gnu++0x";
				CLANG_CXX_LIBRARY = "libc++";
				CLANG_ENABLE_MODULES = YES;
				CLANG_ENABLE_OBJC_ARC = YES;
				CLANG_WARN_BOOL_CONVERSION = YES;
				CLANG_WARN_CONSTANT_CONVERSION = YES;
				CLANG_WARN_DIRECT_OBJC_ISA_USAGE = YES_ERROR;
				CLANG_WARN_DOCUMENTATION_COMMENTS = YES;
				CLANG_WARN_EMPTY_BODY = YES;
				CLANG_WARN_ENUM_CONVERSION = YES;
				CLANG_WARN_INFINITE_RECURSION = YES;
				CLANG_WARN_INT_CONVERSION = YES;
				CLANG_WARN_OBJC_ROOT_CLASS = YES_ERROR;
				CLANG_WARN_SUSPICIOUS_MOVE = YES;
				CLANG_WARN_UNREACHABLE_CODE = YES;
				CLANG_WARN__DUPLICATE_METHOD_MATCH = YES;
				"CODE_SIGN_IDENTITY[sdk=iphoneos*]" = "iPhone Developer";
				COPY_PHASE_STRIP = NO;
				DEBUG_INFORMATION_FORMAT = dwarf;
				ENABLE_STRICT_OBJC_MSGSEND = YES;
				ENABLE_TESTABILITY = YES;
				GCC_C_LANGUAGE_STANDARD = gnu99;
				GCC_DYNAMIC_NO_PIC = NO;
				GCC_NO_COMMON_BLOCKS = YES;
				GCC_OPTIMIZATION_LEVEL = 0;
				GCC_PREPROCESSOR_DEFINITIONS = (
					"DEBUG=1",
					"$(inherited)",
				);
				GCC_WARN_64_TO_32_BIT_CONVERSION = YES;
				GCC_WARN_ABOUT_RETURN_TYPE = YES_ERROR;
				GCC_WARN_UNDECLARED_SELECTOR = YES;
				GCC_WARN_UNINITIALIZED_AUTOS = YES_AGGRESSIVE;
				GCC_WARN_UNUSED_FUNCTION = YES;
				GCC_WARN_UNUSED_VARIABLE = YES;
				IPHONEOS_DEPLOYMENT_TARGET = 10.3;
				MTL_ENABLE_DEBUG_INFO = YES;
				ONLY_ACTIVE_ARCH = YES;
				SDKROOT = iphoneos;
				SWIFT_ACTIVE_COMPILATION_CONDITIONS = DEBUG;
				SWIFT_OPTIMIZATION_LEVEL = "-Onone";
				TARGETED_DEVICE_FAMILY = "1,2";
			};
			name = Debug;
		};
		CAFE90421EA0B4D000258800 /* Release */ = {
			isa = XCBuildConfiguration;
			buildSettings = {
				ALWAYS_SEARCH_USER_PATHS = NO;
				CLANG_ANALYZER_NONNULL = YES;
				CLANG_ANALYZER_NUMBER_OBJECT_CONVERSION = YES_AGGRESSIVE;
				CLANG_CXX_LANGUAGE_STANDARD = "gnu++0x";
				CLANG_CXX_LIBRARY = "libc++";
				CLANG_ENABLE_MODULES = YES;
				CLANG_ENABLE_OBJC_ARC = YES;
				CLANG_WARN_BOOL_CONVERSION = YES;
				CLANG_WARN_CONSTANT_CONVERSION = YES;
				CLANG_WARN_DIRECT_OBJC_ISA_USAGE = YES_ERROR;
				CLANG_WARN_DOCUMENTATION_COMMENTS = YES;
				CLANG_WARN_EMPTY_BODY = YES;
				CLANG_WARN_ENUM_CONVERSION = YES;
				CLANG_WARN_INFINITE_RECURSION = YES;
				CLANG_WARN_INT_CONVERSION = YES;
				CLANG_WARN_OBJC_ROOT_CLASS = YES_ERROR;
				CLANG_WARN_SUSPICIOUS_MOVE = YES;
				CLANG_WARN_UNREACHABLE_CODE = YES;
				CLANG_WARN__DUPLICATE_METHOD_MATCH = YES;
				"CODE_SIGN_IDENTITY[sdk=iphoneos*]" = "iPhone Developer";
				COPY_PHASE_STRIP = NO;
				DEBUG_INFORMATION_FORMAT = "dwarf-with-dsym";
				ENABLE_NS_ASSERTIONS = NO;
				ENABLE_STRICT_OBJC_MSGSEND = YES;
				GCC_C_LANGUAGE_STANDARD = gnu99;
				GCC_NO_COMMON_BLOCKS = YES;
				GCC_WARN_64_TO_32_BIT_CONVERSION = YES;
				GCC_WARN_ABOUT_RETURN_TYPE = YES_ERROR;
				GCC_WARN_UNDECLARED_SELECTOR = YES;
				GCC_WARN_UNINITIALIZED_AUTOS = YES_AGGRESSIVE;
				GCC_WARN_UNUSED_FUNCTION = YES;
				GCC_WARN_UNUSED_VARIABLE = YES;
				IPHONEOS_DEPLOYMENT_TARGET = 10.3;
				MTL_ENABLE_DEBUG_INFO = NO;
				SDKROOT = iphoneos;
				SWIFT_OPTIMIZATION_LEVEL = "-Owholemodule";
				TARGETED_DEVICE_FAMILY = "1,2";
				VALIDATE_PRODUCT = YES;
			};
			name = Release;
		};
		CAFE90441EA0B4D000258800 /* Debug */ = {
			isa = XCBuildConfiguration;
			buildSettings = {
				ASSETCATALOG_COMPILER_APPICON_NAME = AppIcon;
				INFOPLIST_FILE = swiftappno1/Info.plist;
				LD_RUNPATH_SEARCH_PATHS = "$(inherited) @executable_path/Frameworks";
				PRODUCT_BUNDLE_IDENTIFIER = slowthinkers.net.swiftappno1;
				PRODUCT_NAME = "$(TARGET_NAME)";
				SWIFT_VERSION = 3.0;
			};
			name = Debug;
		};
		CAFE90451EA0B4D000258800 /* Release */ = {
			isa = XCBuildConfiguration;
			buildSettings = {
				ASSETCATALOG_COMPILER_APPICON_NAME = AppIcon;
				INFOPLIST_FILE = swiftappno1/Info.plist;
				LD_RUNPATH_SEARCH_PATHS = "$(inherited) @executable_path/Frameworks";
				PRODUCT_BUNDLE_IDENTIFIER = slowthinkers.net.swiftappno1;
				PRODUCT_NAME = "$(TARGET_NAME)";
				SWIFT_VERSION = 3.0;
			};
			name = Release;
		};
/* End XCBuildConfiguration section */

/* Begin XCConfigurationList section */
		CAFE902C1EA0B4D000258800 /* Build configuration list for PBXProject "swiftappno1" */ = {
			isa = XCConfigurationList;
			buildConfigurations = (
				CAFE90411EA0B4D000258800 /* Debug */,
				CAFE90421EA0B4D000258800 /* Release */,
			);
			defaultConfigurationIsVisible = 0;
			defaultConfigurationName = Release;
		};
		CAFE90431EA0B4D000258800 /* Build configuration list for PBXNativeTarget "swiftappno1" */ = {
			isa = XCConfigurationList;
			buildConfigurations = (
				CAFE90441EA0B4D000258800 /* Debug */,
				CAFE90451EA0B4D000258800 /* Release */,
			);
			defaultConfigurationIsVisible = 0;
		};
/* End XCConfigurationList section */
	};
	rootObject = CAFE90291EA0B4D000258800 /* Project object */;
}
